{
  "nodes": {
    "flake-compat": {
      "flake": false,
      "locked": {
        "lastModified": 1641205782,
        "narHash": "sha256-4jY7RCWUoZ9cKD8co0/4tFARpWB+57+r1bLLvXNJliY=",
        "owner": "edolstra",
        "repo": "flake-compat",
        "rev": "b7547d3eed6f32d06102ead8991ec52ab0a4f1a7",
        "type": "github"
      },
      "original": {
        "owner": "edolstra",
        "repo": "flake-compat",
        "type": "github"
      }
    },
    "flake-compat-ci": {
      "locked": {
        "lastModified": 1641672839,
        "narHash": "sha256-Bdwv+DKeEMlRNPDpZxSz0sSrqQBvdKO5fZ8LmvrgCOU=",
        "owner": "hercules-ci",
        "repo": "flake-compat-ci",
        "rev": "e832114bc18376c0f3fa13c19bf5ff253cc6570a",
        "type": "github"
      },
      "original": {
        "owner": "hercules-ci",
        "repo": "flake-compat-ci",
        "type": "github"
      }
    },
    "flake-compat_2": {
      "flake": false,
      "locked": {
        "lastModified": 1606424373,
        "narHash": "sha256-oq8d4//CJOrVj+EcOaSXvMebvuTkmBJuT5tzlfewUnQ=",
        "owner": "edolstra",
        "repo": "flake-compat",
        "rev": "99f1c2157fba4bfe6211a321fd0ee43199025dbf",
        "type": "github"
      },
      "original": {
        "owner": "edolstra",
        "ref": "master",
        "repo": "flake-compat",
        "type": "github"
      }
    },
    "flake-compat_3": {
      "flake": false,
      "locked": {
        "lastModified": 1606424373,
        "narHash": "sha256-oq8d4//CJOrVj+EcOaSXvMebvuTkmBJuT5tzlfewUnQ=",
        "owner": "edolstra",
        "repo": "flake-compat",
        "rev": "99f1c2157fba4bfe6211a321fd0ee43199025dbf",
        "type": "github"
      },
      "original": {
        "owner": "edolstra",
        "repo": "flake-compat",
        "type": "github"
      }
    },
    "hercules-ci-agent": {
      "inputs": {
        "flake-compat": "flake-compat_3",
        "nix-darwin": "nix-darwin",
        "nixos-20_09": "nixos-20_09",
        "nixos-unstable": "nixos-unstable",
        "pre-commit-hooks-nix": "pre-commit-hooks-nix"
      },
      "locked": {
        "lastModified": 1643371177,
        "narHash": "sha256-0UUfIjk2BaV/GPWhCkwHaH5f05h5mUQ9qFESea3EiHA=",
        "owner": "hercules-ci",
        "repo": "hercules-ci-agent",
        "rev": "dc8f1a5d298e4abffe7012ae02f407a44643b4eb",
        "type": "github"
      },
      "original": {
        "owner": "hercules-ci",
        "ref": "master",
        "repo": "hercules-ci-agent",
        "type": "github"
      }
    },
    "hercules-ci-effects": {
      "inputs": {
        "flake-compat": "flake-compat_2",
        "hercules-ci-agent": "hercules-ci-agent",
        "nixpkgs": "nixpkgs_2",
        "nixpkgs-nixops": "nixpkgs-nixops"
      },
      "locked": {
        "lastModified": 1643823569,
        "narHash": "sha256-H9tdsPs99wBntjBTIlRugOsG0LzWTf8USs1YPb9++gM=",
        "owner": "hercules-ci",
        "repo": "hercules-ci-effects",
        "rev": "a77a7ea5515fc0e4deefb3e6b77a8a142761c204",
        "type": "github"
      },
      "original": {
        "owner": "hercules-ci",
        "repo": "hercules-ci-effects",
        "type": "github"
      }
    },
    "nix-darwin": {
      "inputs": {
        "nixpkgs": "nixpkgs"
      },
      "locked": {
        "lastModified": 1622060422,
        "narHash": "sha256-hPVlvrAyf6zL7tTx0lpK+tMxEfZeMiIZ/A2xaJ41WOY=",
        "owner": "LnL7",
        "repo": "nix-darwin",
        "rev": "007d700e644ac588ad6668e6439950a5b6e2ff64",
        "type": "github"
      },
      "original": {
        "owner": "LnL7",
        "repo": "nix-darwin",
        "type": "github"
      }
    },
    "nixos-20_09": {
      "locked": {
        "lastModified": 1623585158,
        "narHash": "sha256-AjK7M1/six8IBPOI28nm7yC2k8mZIR2F9QrOwFYHAS0=",
        "owner": "NixOS",
        "repo": "nixpkgs",
        "rev": "115dbbe82eb4ec8aabf959068286468a68e0b244",
        "type": "github"
      },
      "original": {
        "owner": "NixOS",
        "ref": "nixos-20.09",
        "repo": "nixpkgs",
        "type": "github"
      }
    },
    "nixos-unstable": {
      "locked": {
        "lastModified": 1630248577,
        "narHash": "sha256-9d/yq96TTrnF7qjA6wPYk+rYjWAXwfUmwk3qewezSeg=",
        "owner": "NixOS",
        "repo": "nixpkgs",
        "rev": "8d8a28b47b7c41aeb4ad01a2bd8b7d26986c3512",
        "type": "github"
      },
      "original": {
        "owner": "NixOS",
        "ref": "nixos-unstable",
        "repo": "nixpkgs",
        "type": "github"
      }
    },
    "nixpkgs": {
      "locked": {
        "lastModified": 1602411953,
        "narHash": "sha256-gbupmxRpoQZqL5NBQCJN2GI5G7XDEHHHYKhVwEj5+Ps=",
        "owner": "LnL7",
        "repo": "nixpkgs",
        "rev": "f780534ea2d0c12e62607ff254b6b45f46653f7a",
        "type": "github"
      },
      "original": {
        "id": "nixpkgs",
        "type": "indirect"
      }
    },
    "nixpkgs-nixops": {
      "locked": {
        "lastModified": 1630248577,
        "narHash": "sha256-9d/yq96TTrnF7qjA6wPYk+rYjWAXwfUmwk3qewezSeg=",
        "owner": "NixOS",
        "repo": "nixpkgs",
        "rev": "8d8a28b47b7c41aeb4ad01a2bd8b7d26986c3512",
        "type": "github"
      },
      "original": {
        "owner": "NixOS",
        "repo": "nixpkgs",
        "rev": "8d8a28b47b7c41aeb4ad01a2bd8b7d26986c3512",
        "type": "github"
      }
    },
    "nixpkgs_2": {
      "locked": {
        "lastModified": 1633463774,
        "narHash": "sha256-y3GjapcRzd42NgebQ4sx5GFJ53dYqNdF3UQu7/t6mUg=",
        "owner": "hercules-ci",
        "repo": "nixpkgs",
        "rev": "c70f908fd1f129aede2744d4385fae57d2e252b1",
        "type": "github"
      },
      "original": {
        "owner": "hercules-ci",
        "ref": "init-nixops-hercules-ci",
        "repo": "nixpkgs",
        "type": "github"
      }
    },
    "nixpkgs_3": {
      "locked": {
        "lastModified": 1643524588,
        "narHash": "sha256-Qh5AazxdOQRORbGkkvpKoovDl6ej/4PhDabFsqnueqw=",
        "owner": "NixOS",
        "repo": "nixpkgs",
        "rev": "efeefb2af1469a5d1f0ae7ca8f0dfd9bb87d5cfb",
        "type": "github"
      },
      "original": {
        "owner": "NixOS",
        "ref": "nixos-unstable",
        "repo": "nixpkgs",
        "type": "github"
      }
    },
    "pre-commit-hooks-nix": {
      "flake": false,
      "locked": {
        "lastModified": 1622650193,
        "narHash": "sha256-qSzUpJDv04ajS9FXoCq6NjVF3qOt9IiGIiGh0P8amyw=",
        "owner": "cachix",
        "repo": "pre-commit-hooks.nix",
        "rev": "0398f0649e0a741660ac5e8216760bae5cc78579",
        "type": "github"
      },
      "original": {
        "owner": "cachix",
        "repo": "pre-commit-hooks.nix",
        "type": "github"
      }
    },
    "root": {
      "inputs": {
        "flake-compat": "flake-compat",
        "flake-compat-ci": "flake-compat-ci",
        "hercules-ci-effects": "hercules-ci-effects",
        "nixpkgs": "nixpkgs_3"
      }
    }
  },
  "root": "root",
  "version": 7
}
